# This file is automatically @generated by Cargo.
# It is not intended for manual editing.
version = 4

[[package]]
name = "cargo-test"
version = "0.1.0"
dependencies = [
 "test-crate",
]

[[package]]
name = "test-crate"
version = "0.1.0"
source = "git+ssh://git@github.com/okkero/test-crate.git?rev=382e3a6ed36417db30081c90858170d781d8574c#382e3a6ed36417db30081c90858170d781d8574c"
